
Microsoft Visual Studio Solution File, Format Version 12.00
# Visual Studio Version 17
VisualStudioVersion = 17.7.34221.43
MinimumVisualStudioVersion = 10.0.40219.1
Project("{9A19103F-16F7-4668-BE54-9A1E7A4F7556}") = "UniversidadApi", "Api\UniversidadApi.csproj", "{6510B7AC-8C58-487B-ABE9-4B9A548DEF0D}"
EndProject
Project("{2150E333-8FDC-42A3-9474-1A3956D46DE8}") = "UniversidadApi", "UniversidadApi", "{EFE550D3-7AEB-4163-BBDE-4CE5F1B867E5}"
EndProject
Project("{2150E333-8FDC-42A3-9474-1A3956D46DE8}") = "BaseDato", "BaseDato", "{EC04C7BC-D137-4C77-90E3-B57EFD3AB6F5}"
EndProject
Project("{00D1A9C2-B5F0-4AF3-8072-F6C62B433612}") = "UniversidadBD", "BaseDatos\UniversidadBD.sqlproj", "{D8C02F06-3497-480D-97C8-51003B1039B4}"
EndProject
Project("{2150E333-8FDC-42A3-9474-1A3956D46DE8}") = "Api", "Api", "{76D10172-D689-41E5-832C-873E90EEAF45}"
EndProject
Project("{2150E333-8FDC-42A3-9474-1A3956D46DE8}") = "Entity", "Entity", "{5018061A-A2F6-420F-B40B-58F42A9EA485}"
EndProject
Project("{FAE04EC0-301F-11D3-BF4B-00C04F79EFBC}") = "Entity", "Entity\Entity.csproj", "{7EA77461-09DD-4032-842B-5FE647548591}"
EndProject
Global
	GlobalSection(SolutionConfigurationPlatforms) = preSolution
		Debug|Any CPU = Debug|Any CPU
		Release|Any CPU = Release|Any CPU
	EndGlobalSection
	GlobalSection(ProjectConfigurationPlatforms) = postSolution
		{6510B7AC-8C58-487B-ABE9-4B9A548DEF0D}.Debug|Any CPU.ActiveCfg = Debug|Any CPU
		{6510B7AC-8C58-487B-ABE9-4B9A548DEF0D}.Debug|Any CPU.Build.0 = Debug|Any CPU
		{6510B7AC-8C58-487B-ABE9-4B9A548DEF0D}.Release|Any CPU.ActiveCfg = Release|Any CPU
		{6510B7AC-8C58-487B-ABE9-4B9A548DEF0D}.Release|Any CPU.Build.0 = Release|Any CPU
		{D8C02F06-3497-480D-97C8-51003B1039B4}.Debug|Any CPU.ActiveCfg = Debug|Any CPU
		{D8C02F06-3497-480D-97C8-51003B1039B4}.Debug|Any CPU.Build.0 = Debug|Any CPU
		{D8C02F06-3497-480D-97C8-51003B1039B4}.Debug|Any CPU.Deploy.0 = Debug|Any CPU
		{D8C02F06-3497-480D-97C8-51003B1039B4}.Release|Any CPU.ActiveCfg = Release|Any CPU
		{D8C02F06-3497-480D-97C8-51003B1039B4}.Release|Any CPU.Build.0 = Release|Any CPU
		{D8C02F06-3497-480D-97C8-51003B1039B4}.Release|Any CPU.Deploy.0 = Release|Any CPU
		{7EA77461-09DD-4032-842B-5FE647548591}.Debug|Any CPU.ActiveCfg = Debug|Any CPU
		{7EA77461-09DD-4032-842B-5FE647548591}.Debug|Any CPU.Build.0 = Debug|Any CPU
		{7EA77461-09DD-4032-842B-5FE647548591}.Release|Any CPU.ActiveCfg = Release|Any CPU
		{7EA77461-09DD-4032-842B-5FE647548591}.Release|Any CPU.Build.0 = Release|Any CPU
	EndGlobalSection
	GlobalSection(SolutionProperties) = preSolution
		HideSolutionNode = FALSE
	EndGlobalSection
	GlobalSection(NestedProjects) = preSolution
		{6510B7AC-8C58-487B-ABE9-4B9A548DEF0D} = {76D10172-D689-41E5-832C-873E90EEAF45}
		{EC04C7BC-D137-4C77-90E3-B57EFD3AB6F5} = {EFE550D3-7AEB-4163-BBDE-4CE5F1B867E5}
		{D8C02F06-3497-480D-97C8-51003B1039B4} = {EC04C7BC-D137-4C77-90E3-B57EFD3AB6F5}
		{76D10172-D689-41E5-832C-873E90EEAF45} = {EFE550D3-7AEB-4163-BBDE-4CE5F1B867E5}
		{5018061A-A2F6-420F-B40B-58F42A9EA485} = {EFE550D3-7AEB-4163-BBDE-4CE5F1B867E5}
		{7EA77461-09DD-4032-842B-5FE647548591} = {5018061A-A2F6-420F-B40B-58F42A9EA485}
	EndGlobalSection
	GlobalSection(ExtensibilityGlobals) = postSolution
		SolutionGuid = {83580585-35F0-4771-B06C-18ADDA0DC6F2}
	EndGlobalSection
EndGlobal
