
Microsoft Visual Studio Solution File, Format Version 12.00
# Visual Studio Version 17
VisualStudioVersion = 17.7.34221.43
MinimumVisualStudioVersion = 10.0.40219.1
Project("{FAE04EC0-301F-11D3-BF4B-00C04F79EFBC}") = "UniversidadApi", "UniversidadApi\UniversidadApi.csproj", "{6510B7AC-8C58-487B-ABE9-4B9A548DEF0D}"
EndProject
Project("{2150E333-8FDC-42A3-9474-1A3956D46DE8}") = "Api", "Api", "{EFE550D3-7AEB-4163-BBDE-4CE5F1B867E5}"
EndProject
Global
	GlobalSection(SolutionConfigurationPlatforms) = preSolution
		Debug|Any CPU = Debug|Any CPU
		Release|Any CPU = Release|Any CPU
	EndGlobalSection
	GlobalSection(ProjectConfigurationPlatforms) = postSolution
		{6510B7AC-8C58-487B-ABE9-4B9A548DEF0D}.Debug|Any CPU.ActiveCfg = Debug|Any CPU
		{6510B7AC-8C58-487B-ABE9-4B9A548DEF0D}.Debug|Any CPU.Build.0 = Debug|Any CPU
		{6510B7AC-8C58-487B-ABE9-4B9A548DEF0D}.Release|Any CPU.ActiveCfg = Release|Any CPU
		{6510B7AC-8C58-487B-ABE9-4B9A548DEF0D}.Release|Any CPU.Build.0 = Release|Any CPU
	EndGlobalSection
	GlobalSection(SolutionProperties) = preSolution
		HideSolutionNode = FALSE
	EndGlobalSection
	GlobalSection(NestedProjects) = preSolution
		{6510B7AC-8C58-487B-ABE9-4B9A548DEF0D} = {EFE550D3-7AEB-4163-BBDE-4CE5F1B867E5}
	EndGlobalSection
	GlobalSection(ExtensibilityGlobals) = postSolution
		SolutionGuid = {83580585-35F0-4771-B06C-18ADDA0DC6F2}
	EndGlobalSection
EndGlobal
